
Microsoft Visual Studio Solution File, Format Version 12.00
# Visual Studio 15
VisualStudioVersion = 15.0.28307.438
MinimumVisualStudioVersion = 10.0.40219.1
Project("{F184B08F-C81C-45F6-A57F-5ABD9991F28F}") = "Twisted X Menu", "ConsoleApp1\Twisted X Menu.vbproj", "{ABBEE7AE-1FD1-44C2-8A35-F869701DA8BC}"
EndProject
Global
	GlobalSection(SolutionConfigurationPlatforms) = preSolution
		Debug|Any CPU = Debug|Any CPU
		Release|Any CPU = Release|Any CPU
		Description = Twisted X Menu
	EndGlobalSection
	GlobalSection(ProjectConfigurationPlatforms) = postSolution
		{ABBEE7AE-1FD1-44C2-8A35-F869701DA8BC}.Debug|Any CPU.ActiveCfg = Debug|Any CPU
		{ABBEE7AE-1FD1-44C2-8A35-F869701DA8BC}.Debug|Any CPU.Build.0 = Debug|Any CPU
		{ABBEE7AE-1FD1-44C2-8A35-F869701DA8BC}.Release|Any CPU.ActiveCfg = Release|Any CPU
		{ABBEE7AE-1FD1-44C2-8A35-F869701DA8BC}.Release|Any CPU.Build.0 = Release|Any CPU
	EndGlobalSection
	GlobalSection(SolutionProperties) = preSolution
		HideSolutionNode = FALSE
	EndGlobalSection
	GlobalSection(ExtensibilityGlobals) = postSolution
		SolutionGuid = {A231D95A-95DC-4E7A-90CE-DEE98AFA84F6}
	EndGlobalSection
EndGlobal
